
Microsoft Visual Studio Solution File, Format Version 12.00
# Visual Studio Version 17
VisualStudioVersion = 17.1.32319.34
MinimumVisualStudioVersion = 10.0.40219.1
Project("{FAE04EC0-301F-11D3-BF4B-00C04F79EFBC}") = "GamesApi", "GamesApi\GamesApi.csproj", "{C3974247-408E-47D1-90D2-BC200097338D}"
EndProject
Global
	GlobalSection(SolutionConfigurationPlatforms) = preSolution
		Debug|Any CPU = Debug|Any CPU
		Release|Any CPU = Release|Any CPU
	EndGlobalSection
	GlobalSection(ProjectConfigurationPlatforms) = postSolution
		{C3974247-408E-47D1-90D2-BC200097338D}.Debug|Any CPU.ActiveCfg = Debug|Any CPU
		{C3974247-408E-47D1-90D2-BC200097338D}.Debug|Any CPU.Build.0 = Debug|Any CPU
		{C3974247-408E-47D1-90D2-BC200097338D}.Release|Any CPU.ActiveCfg = Release|Any CPU
		{C3974247-408E-47D1-90D2-BC200097338D}.Release|Any CPU.Build.0 = Release|Any CPU
	EndGlobalSection
	GlobalSection(SolutionProperties) = preSolution
		HideSolutionNode = FALSE
	EndGlobalSection
	GlobalSection(ExtensibilityGlobals) = postSolution
		SolutionGuid = {BEFC60B9-A64A-42C8-88CF-B74E725B4B39}
	EndGlobalSection
EndGlobal
